
Microsoft Visual Studio Solution File, Format Version 12.00
# Visual Studio Version 17
VisualStudioVersion = 17.5.002.0
MinimumVisualStudioVersion = 10.0.40219.1
Project("{9A19103F-16F7-4668-BE54-9A1E7A4F7556}") = "toDoListConsoleApp", "toDoListConsoleApp.csproj", "{4F09C5E3-7CA2-47A1-A05C-F41E2E0E8B01}"
EndProject
Global
	GlobalSection(SolutionConfigurationPlatforms) = preSolution
		Debug|Any CPU = Debug|Any CPU
		Release|Any CPU = Release|Any CPU
	EndGlobalSection
	GlobalSection(ProjectConfigurationPlatforms) = postSolution
		{4F09C5E3-7CA2-47A1-A05C-F41E2E0E8B01}.Debug|Any CPU.ActiveCfg = Debug|Any CPU
		{4F09C5E3-7CA2-47A1-A05C-F41E2E0E8B01}.Debug|Any CPU.Build.0 = Debug|Any CPU
		{4F09C5E3-7CA2-47A1-A05C-F41E2E0E8B01}.Release|Any CPU.ActiveCfg = Release|Any CPU
		{4F09C5E3-7CA2-47A1-A05C-F41E2E0E8B01}.Release|Any CPU.Build.0 = Release|Any CPU
	EndGlobalSection
	GlobalSection(SolutionProperties) = preSolution
		HideSolutionNode = FALSE
	EndGlobalSection
	GlobalSection(ExtensibilityGlobals) = postSolution
		SolutionGuid = {2CCD1B70-811F-4733-A77C-70A8F90096B2}
	EndGlobalSection
EndGlobal
